
Microsoft Visual Studio Solution File, Format Version 12.00
# Visual Studio Version 16
VisualStudioVersion = 16.0.31005.135
MinimumVisualStudioVersion = 10.0.40219.1
Project("{FAE04EC0-301F-11D3-BF4B-00C04F79EFBC}") = "BooksApi", "BooksApi\BooksApi.csproj", "{855BB860-5782-43E7-94D8-ED19115D2616}"
EndProject
Global
	GlobalSection(SolutionConfigurationPlatforms) = preSolution
		Debug|Any CPU = Debug|Any CPU
		Release|Any CPU = Release|Any CPU
	EndGlobalSection
	GlobalSection(ProjectConfigurationPlatforms) = postSolution
		{855BB860-5782-43E7-94D8-ED19115D2616}.Debug|Any CPU.ActiveCfg = Debug|Any CPU
		{855BB860-5782-43E7-94D8-ED19115D2616}.Debug|Any CPU.Build.0 = Debug|Any CPU
		{855BB860-5782-43E7-94D8-ED19115D2616}.Release|Any CPU.ActiveCfg = Release|Any CPU
		{855BB860-5782-43E7-94D8-ED19115D2616}.Release|Any CPU.Build.0 = Release|Any CPU
	EndGlobalSection
	GlobalSection(SolutionProperties) = preSolution
		HideSolutionNode = FALSE
	EndGlobalSection
	GlobalSection(ExtensibilityGlobals) = postSolution
		SolutionGuid = {F25D3346-37C3-421D-8643-C4346D747380}
	EndGlobalSection
EndGlobal
